
Microsoft Visual Studio Solution File, Format Version 12.00
# Visual Studio Version 17
VisualStudioVersion = 17.9.34728.123
MinimumVisualStudioVersion = 10.0.40219.1
Project("{F184B08F-C81C-45F6-A57F-5ABD9991F28F}") = "AsciiTest", "AsciiTest\AsciiTest.vbproj", "{A590DC40-566C-4490-A4D2-C948EDD296DF}"
EndProject
Global
	GlobalSection(SolutionConfigurationPlatforms) = preSolution
		Debug|Any CPU = Debug|Any CPU
		Release|Any CPU = Release|Any CPU
	EndGlobalSection
	GlobalSection(ProjectConfigurationPlatforms) = postSolution
		{A590DC40-566C-4490-A4D2-C948EDD296DF}.Debug|Any CPU.ActiveCfg = Debug|Any CPU
		{A590DC40-566C-4490-A4D2-C948EDD296DF}.Debug|Any CPU.Build.0 = Debug|Any CPU
		{A590DC40-566C-4490-A4D2-C948EDD296DF}.Release|Any CPU.ActiveCfg = Release|Any CPU
		{A590DC40-566C-4490-A4D2-C948EDD296DF}.Release|Any CPU.Build.0 = Release|Any CPU
	EndGlobalSection
	GlobalSection(SolutionProperties) = preSolution
		HideSolutionNode = FALSE
	EndGlobalSection
	GlobalSection(ExtensibilityGlobals) = postSolution
		SolutionGuid = {27960047-B25E-4A25-A8AE-FB97FF06F474}
	EndGlobalSection
EndGlobal
