
Microsoft Visual Studio Solution File, Format Version 12.00
# Visual Studio Version 17
VisualStudioVersion = 17.7.34018.315
MinimumVisualStudioVersion = 10.0.40219.1
Project("{F184B08F-C81C-45F6-A57F-5ABD9991F28F}") = "DoLoopExamples", "DoLoopExamples\DoLoopExamples.vbproj", "{26CE5C0B-259B-457E-94F1-A57FCBD0FED7}"
EndProject
Global
	GlobalSection(SolutionConfigurationPlatforms) = preSolution
		Debug|Any CPU = Debug|Any CPU
		Release|Any CPU = Release|Any CPU
	EndGlobalSection
	GlobalSection(ProjectConfigurationPlatforms) = postSolution
		{26CE5C0B-259B-457E-94F1-A57FCBD0FED7}.Debug|Any CPU.ActiveCfg = Debug|Any CPU
		{26CE5C0B-259B-457E-94F1-A57FCBD0FED7}.Debug|Any CPU.Build.0 = Debug|Any CPU
		{26CE5C0B-259B-457E-94F1-A57FCBD0FED7}.Release|Any CPU.ActiveCfg = Release|Any CPU
		{26CE5C0B-259B-457E-94F1-A57FCBD0FED7}.Release|Any CPU.Build.0 = Release|Any CPU
	EndGlobalSection
	GlobalSection(SolutionProperties) = preSolution
		HideSolutionNode = FALSE
	EndGlobalSection
	GlobalSection(ExtensibilityGlobals) = postSolution
		SolutionGuid = {A1FE0A07-E5D7-4279-A30E-F51ABF2F3783}
	EndGlobalSection
EndGlobal
