
Microsoft Visual Studio Solution File, Format Version 12.00
# Visual Studio Version 16
VisualStudioVersion = 16.0.32002.261
MinimumVisualStudioVersion = 10.0.40219.1
Project("{F184B08F-C81C-45F6-A57F-5ABD9991F28F}") = "ProgramFlowExamples", "ProgramFlowExamples\ProgramFlowExamples.vbproj", "{4058CA23-2513-4A98-96BB-72CA2D6DBD19}"
EndProject
Global
	GlobalSection(SolutionConfigurationPlatforms) = preSolution
		Debug|Any CPU = Debug|Any CPU
		Release|Any CPU = Release|Any CPU
	EndGlobalSection
	GlobalSection(ProjectConfigurationPlatforms) = postSolution
		{4058CA23-2513-4A98-96BB-72CA2D6DBD19}.Debug|Any CPU.ActiveCfg = Debug|Any CPU
		{4058CA23-2513-4A98-96BB-72CA2D6DBD19}.Debug|Any CPU.Build.0 = Debug|Any CPU
		{4058CA23-2513-4A98-96BB-72CA2D6DBD19}.Release|Any CPU.ActiveCfg = Release|Any CPU
		{4058CA23-2513-4A98-96BB-72CA2D6DBD19}.Release|Any CPU.Build.0 = Release|Any CPU
	EndGlobalSection
	GlobalSection(SolutionProperties) = preSolution
		HideSolutionNode = FALSE
	EndGlobalSection
	GlobalSection(ExtensibilityGlobals) = postSolution
		SolutionGuid = {1F675839-96A2-4920-93A1-666A6E620B65}
	EndGlobalSection
EndGlobal
