
Microsoft Visual Studio Solution File, Format Version 12.00
# Visual Studio Version 16
VisualStudioVersion = 16.0.32002.261
MinimumVisualStudioVersion = 10.0.40219.1
Project("{F184B08F-C81C-45F6-A57F-5ABD9991F28F}") = "MethodExamples", "MethodExamples\MethodExamples.vbproj", "{4EDE3BE9-59D4-45AB-9268-53F0747A0E23}"
EndProject
Global
	GlobalSection(SolutionConfigurationPlatforms) = preSolution
		Debug|Any CPU = Debug|Any CPU
		Release|Any CPU = Release|Any CPU
	EndGlobalSection
	GlobalSection(ProjectConfigurationPlatforms) = postSolution
		{4EDE3BE9-59D4-45AB-9268-53F0747A0E23}.Debug|Any CPU.ActiveCfg = Debug|Any CPU
		{4EDE3BE9-59D4-45AB-9268-53F0747A0E23}.Debug|Any CPU.Build.0 = Debug|Any CPU
		{4EDE3BE9-59D4-45AB-9268-53F0747A0E23}.Release|Any CPU.ActiveCfg = Release|Any CPU
		{4EDE3BE9-59D4-45AB-9268-53F0747A0E23}.Release|Any CPU.Build.0 = Release|Any CPU
	EndGlobalSection
	GlobalSection(SolutionProperties) = preSolution
		HideSolutionNode = FALSE
	EndGlobalSection
	GlobalSection(ExtensibilityGlobals) = postSolution
		SolutionGuid = {0DCEBD14-EC72-457D-995D-DA3ADA9CBB12}
	EndGlobalSection
EndGlobal
