
Microsoft Visual Studio Solution File, Format Version 12.00
# Visual Studio Version 16
VisualStudioVersion = 16.0.32002.261
MinimumVisualStudioVersion = 10.0.40219.1
Project("{F184B08F-C81C-45F6-A57F-5ABD9991F28F}") = "ListsAndListBoxExample", "ListsAndListBoxExample\ListsAndListBoxExample.vbproj", "{970AC03A-24B2-4940-9FEF-42E0D21CEB5A}"
EndProject
Global
	GlobalSection(SolutionConfigurationPlatforms) = preSolution
		Debug|Any CPU = Debug|Any CPU
		Release|Any CPU = Release|Any CPU
	EndGlobalSection
	GlobalSection(ProjectConfigurationPlatforms) = postSolution
		{970AC03A-24B2-4940-9FEF-42E0D21CEB5A}.Debug|Any CPU.ActiveCfg = Debug|Any CPU
		{970AC03A-24B2-4940-9FEF-42E0D21CEB5A}.Debug|Any CPU.Build.0 = Debug|Any CPU
		{970AC03A-24B2-4940-9FEF-42E0D21CEB5A}.Release|Any CPU.ActiveCfg = Release|Any CPU
		{970AC03A-24B2-4940-9FEF-42E0D21CEB5A}.Release|Any CPU.Build.0 = Release|Any CPU
	EndGlobalSection
	GlobalSection(SolutionProperties) = preSolution
		HideSolutionNode = FALSE
	EndGlobalSection
	GlobalSection(ExtensibilityGlobals) = postSolution
		SolutionGuid = {DDB35DE8-3B8B-4D92-BE99-65580A0725B2}
	EndGlobalSection
EndGlobal
