
Microsoft Visual Studio Solution File, Format Version 12.00
# Visual Studio Version 17
VisualStudioVersion = 17.7.34031.279
MinimumVisualStudioVersion = 10.0.40219.1
Project("{F184B08F-C81C-45F6-A57F-5ABD9991F28F}") = "GraphicsF23", "GraphicsF23\GraphicsF23.vbproj", "{9215B08C-6796-4EF2-8843-0CC0BF34D576}"
EndProject
Global
	GlobalSection(SolutionConfigurationPlatforms) = preSolution
		Debug|Any CPU = Debug|Any CPU
		Release|Any CPU = Release|Any CPU
	EndGlobalSection
	GlobalSection(ProjectConfigurationPlatforms) = postSolution
		{9215B08C-6796-4EF2-8843-0CC0BF34D576}.Debug|Any CPU.ActiveCfg = Debug|Any CPU
		{9215B08C-6796-4EF2-8843-0CC0BF34D576}.Debug|Any CPU.Build.0 = Debug|Any CPU
		{9215B08C-6796-4EF2-8843-0CC0BF34D576}.Release|Any CPU.ActiveCfg = Release|Any CPU
		{9215B08C-6796-4EF2-8843-0CC0BF34D576}.Release|Any CPU.Build.0 = Release|Any CPU
	EndGlobalSection
	GlobalSection(SolutionProperties) = preSolution
		HideSolutionNode = FALSE
	EndGlobalSection
	GlobalSection(ExtensibilityGlobals) = postSolution
		SolutionGuid = {84BA340E-A738-429C-9269-A0A4BD3CEE86}
	EndGlobalSection
EndGlobal
