
Microsoft Visual Studio Solution File, Format Version 12.00
# Visual Studio Version 16
VisualStudioVersion = 16.0.32002.261
MinimumVisualStudioVersion = 10.0.40219.1
Project("{F184B08F-C81C-45F6-A57F-5ABD9991F28F}") = "ConsoleExamples", "ConsoleExamples\ConsoleExamples.vbproj", "{15664D76-561F-41C4-829B-A2EEECFCF6EF}"
EndProject
Global
	GlobalSection(SolutionConfigurationPlatforms) = preSolution
		Debug|Any CPU = Debug|Any CPU
		Release|Any CPU = Release|Any CPU
	EndGlobalSection
	GlobalSection(ProjectConfigurationPlatforms) = postSolution
		{15664D76-561F-41C4-829B-A2EEECFCF6EF}.Debug|Any CPU.ActiveCfg = Debug|Any CPU
		{15664D76-561F-41C4-829B-A2EEECFCF6EF}.Debug|Any CPU.Build.0 = Debug|Any CPU
		{15664D76-561F-41C4-829B-A2EEECFCF6EF}.Release|Any CPU.ActiveCfg = Release|Any CPU
		{15664D76-561F-41C4-829B-A2EEECFCF6EF}.Release|Any CPU.Build.0 = Release|Any CPU
	EndGlobalSection
	GlobalSection(SolutionProperties) = preSolution
		HideSolutionNode = FALSE
	EndGlobalSection
	GlobalSection(ExtensibilityGlobals) = postSolution
		SolutionGuid = {FC871A04-AFC9-495B-BD95-7C9829118154}
	EndGlobalSection
EndGlobal
