
Microsoft Visual Studio Solution File, Format Version 12.00
# Visual Studio Version 16
VisualStudioVersion = 16.0.32002.261
MinimumVisualStudioVersion = 10.0.40219.1
Project("{F184B08F-C81C-45F6-A57F-5ABD9991F28F}") = "GraphicsExample", "GraphicsExample\GraphicsExample.vbproj", "{BD27FB89-EA0E-45CB-A2A7-737A9845F470}"
EndProject
Global
	GlobalSection(SolutionConfigurationPlatforms) = preSolution
		Debug|Any CPU = Debug|Any CPU
		Release|Any CPU = Release|Any CPU
	EndGlobalSection
	GlobalSection(ProjectConfigurationPlatforms) = postSolution
		{BD27FB89-EA0E-45CB-A2A7-737A9845F470}.Debug|Any CPU.ActiveCfg = Debug|Any CPU
		{BD27FB89-EA0E-45CB-A2A7-737A9845F470}.Debug|Any CPU.Build.0 = Debug|Any CPU
		{BD27FB89-EA0E-45CB-A2A7-737A9845F470}.Release|Any CPU.ActiveCfg = Release|Any CPU
		{BD27FB89-EA0E-45CB-A2A7-737A9845F470}.Release|Any CPU.Build.0 = Release|Any CPU
	EndGlobalSection
	GlobalSection(SolutionProperties) = preSolution
		HideSolutionNode = FALSE
	EndGlobalSection
	GlobalSection(ExtensibilityGlobals) = postSolution
		SolutionGuid = {9B59A264-467A-4759-8271-7DFEC38F7909}
	EndGlobalSection
EndGlobal
